
Microsoft Visual Studio Solution File, Format Version 12.00
# Visual Studio Express 2013 for Windows Desktop
VisualStudioVersion = 12.0.21005.1
MinimumVisualStudioVersion = 10.0.40219.1
Project("{8BC9CEB8-8B4A-11D0-8D11-00A0C91BC942}") = "InfoLeak", "InfoLeak\InfoLeak.vcxproj", "{81D4CAAE-9ED6-410D-B134-8144D49BB0CF}"
EndProject
Global
	GlobalSection(SolutionConfigurationPlatforms) = preSolution
		Debug|Win32 = Debug|Win32
		Debug|x64 = Debug|x64
		Release|Win32 = Release|Win32
		Release|x64 = Release|x64
	EndGlobalSection
	GlobalSection(ProjectConfigurationPlatforms) = postSolution
		{81D4CAAE-9ED6-410D-B134-8144D49BB0CF}.Debug|Win32.ActiveCfg = Debug|Win32
		{81D4CAAE-9ED6-410D-B134-8144D49BB0CF}.Debug|Win32.Build.0 = Debug|Win32
		{81D4CAAE-9ED6-410D-B134-8144D49BB0CF}.Debug|x64.ActiveCfg = Release|x64
		{81D4CAAE-9ED6-410D-B134-8144D49BB0CF}.Debug|x64.Build.0 = Release|x64
		{81D4CAAE-9ED6-410D-B134-8144D49BB0CF}.Release|Win32.ActiveCfg = Release|Win32
		{81D4CAAE-9ED6-410D-B134-8144D49BB0CF}.Release|Win32.Build.0 = Release|Win32
		{81D4CAAE-9ED6-410D-B134-8144D49BB0CF}.Release|x64.ActiveCfg = Release|x64
		{81D4CAAE-9ED6-410D-B134-8144D49BB0CF}.Release|x64.Build.0 = Release|x64
	EndGlobalSection
	GlobalSection(SolutionProperties) = preSolution
		HideSolutionNode = FALSE
	EndGlobalSection
EndGlobal
